
Microsoft Visual Studio Solution File, Format Version 12.00
# Visual Studio Version 17
VisualStudioVersion = 17.8.34330.188
MinimumVisualStudioVersion = 10.0.40219.1
Project("{888888A0-9F3D-457C-B088-3A5042F75D52}") = "createpackage", "createpackage.pyproj", "{192A2BBE-C1B3-4394-BE80-78A38CCAF723}"
EndProject
Global
	GlobalSection(SolutionConfigurationPlatforms) = preSolution
		Debug|Any CPU = Debug|Any CPU
		Release|Any CPU = Release|Any CPU
	EndGlobalSection
	GlobalSection(ProjectConfigurationPlatforms) = postSolution
		{192A2BBE-C1B3-4394-BE80-78A38CCAF723}.Debug|Any CPU.ActiveCfg = Debug|Any CPU
		{192A2BBE-C1B3-4394-BE80-78A38CCAF723}.Release|Any CPU.ActiveCfg = Release|Any CPU
	EndGlobalSection
	GlobalSection(SolutionProperties) = preSolution
		HideSolutionNode = FALSE
	EndGlobalSection
	GlobalSection(ExtensibilityGlobals) = postSolution
		SolutionGuid = {34181B73-8C2D-4CD3-8498-485C5C5C4240}
	EndGlobalSection
EndGlobal
